
Microsoft Visual Studio Solution File, Format Version 12.00
# Visual Studio 2013
VisualStudioVersion = 12.0.31101.0
MinimumVisualStudioVersion = 10.0.40219.1
Project("{2150E333-8FDC-42A3-9474-1A3956D46DE8}") = ".nuget", ".nuget", "{35F0B370-64C7-4CD2-9C0F-8E68300EDF56}"
	ProjectSection(SolutionItems) = preProject
		.nuget\NuGet.Config = .nuget\NuGet.Config
		.nuget\NuGet.exe = .nuget\NuGet.exe
		.nuget\NuGet.targets = .nuget\NuGet.targets
	EndProjectSection
EndProject
Project("{FAE04EC0-301F-11D3-BF4B-00C04F79EFBC}") = "Venda.Repositorio", "Venda.Repositorio\Venda.Repositorio.csproj", "{5A324131-1FCC-4069-8AC4-B9F84F1C1619}"
EndProject
Project("{FAE04EC0-301F-11D3-BF4B-00C04F79EFBC}") = "Venda.Teste", "Venda.Teste\Venda.Teste.csproj", "{7D6955F5-3042-472D-B96B-776CA308E968}"
EndProject
Global
	GlobalSection(SolutionConfigurationPlatforms) = preSolution
		Debug|Any CPU = Debug|Any CPU
		Release|Any CPU = Release|Any CPU
	EndGlobalSection
	GlobalSection(ProjectConfigurationPlatforms) = postSolution
		{5A324131-1FCC-4069-8AC4-B9F84F1C1619}.Debug|Any CPU.ActiveCfg = Debug|Any CPU
		{5A324131-1FCC-4069-8AC4-B9F84F1C1619}.Debug|Any CPU.Build.0 = Debug|Any CPU
		{5A324131-1FCC-4069-8AC4-B9F84F1C1619}.Release|Any CPU.ActiveCfg = Release|Any CPU
		{5A324131-1FCC-4069-8AC4-B9F84F1C1619}.Release|Any CPU.Build.0 = Release|Any CPU
		{7D6955F5-3042-472D-B96B-776CA308E968}.Debug|Any CPU.ActiveCfg = Debug|Any CPU
		{7D6955F5-3042-472D-B96B-776CA308E968}.Debug|Any CPU.Build.0 = Debug|Any CPU
		{7D6955F5-3042-472D-B96B-776CA308E968}.Release|Any CPU.ActiveCfg = Release|Any CPU
		{7D6955F5-3042-472D-B96B-776CA308E968}.Release|Any CPU.Build.0 = Release|Any CPU
	EndGlobalSection
	GlobalSection(SolutionProperties) = preSolution
		HideSolutionNode = FALSE
	EndGlobalSection
EndGlobal
